<?xml version="1.0" encoding="utf-8"?>
<Project ToolsVersion="4.0" xmlns="http://schemas.microsoft.com/developer/msbuild/2003">
  <ItemGroup>
    <ClCompile Include="main.cpp" />
    <ClCompile Include="header_library_impl.cpp" />
    <ClCompile Include="..\include\easylogging\easylogging++.cc" />
    <ClCompile Include="renderbuffer.cpp" />
  </ItemGroup>
  <ItemGroup>
    <CudaCompile Include="main_Kernel.cu" />
  </ItemGroup>
  <ItemGroup>
    <ClInclude Include="main_Kernel.h" />
    <ClInclude Include="ray.h">
      <Filter>rt_engine</Filter>
    </ClInclude>
    <ClInclude Include="cuError.h" />
    <ClInclude Include="renderbuffer.h" />
    <ClInclude Include="camera.h" />
    <ClInclude Include="cuda_timer.h" />
  </ItemGroup>
  <ItemGroup>
    <Filter Include="rt_engine">
      <UniqueIdentifier>{a958057b-8800-42a5-902e-6c7e81595fa8}</UniqueIdentifier>
    </Filter>
  </ItemGroup>
</Project>